
Microsoft Visual Studio Solution File, Format Version 12.00
# Visual Studio 14
VisualStudioVersion = 14.0.25420.1
MinimumVisualStudioVersion = 10.0.40219.1
Project("{FAE04EC0-301F-11D3-BF4B-00C04F79EFBC}") = "Calc", "Calc\Calc.csproj", "{2B198CD3-E64E-4EC5-8B31-6770600173F2}"
EndProject
Global
	GlobalSection(SolutionConfigurationPlatforms) = preSolution
		Debug|Any CPU = Debug|Any CPU
		Release|Any CPU = Release|Any CPU
	EndGlobalSection
	GlobalSection(ProjectConfigurationPlatforms) = postSolution
		{2B198CD3-E64E-4EC5-8B31-6770600173F2}.Debug|Any CPU.ActiveCfg = Debug|Any CPU
		{2B198CD3-E64E-4EC5-8B31-6770600173F2}.Debug|Any CPU.Build.0 = Debug|Any CPU
		{2B198CD3-E64E-4EC5-8B31-6770600173F2}.Release|Any CPU.ActiveCfg = Release|Any CPU
		{2B198CD3-E64E-4EC5-8B31-6770600173F2}.Release|Any CPU.Build.0 = Release|Any CPU
	EndGlobalSection
	GlobalSection(SolutionProperties) = preSolution
		HideSolutionNode = FALSE
	EndGlobalSection
	GlobalSection(ExtensibilityGlobals) = postSolution
		SolutionGuid = {E2B868D0-EF87-4F8F-9580-2D6DCED38C23}
	EndGlobalSection
EndGlobal
